<?xml version="1.0" encoding="utf-8"?>
<Project ToolsVersion="4.0" xmlns="http://schemas.microsoft.com/developer/msbuild/2003">
  <ItemGroup>
    <Filter Include="Source">
      <UniqueIdentifier>{b7c91549-da04-4eee-96da-520fa8f75a57}</UniqueIdentifier>
    </Filter>
    <Filter Include="Source\src">
      <UniqueIdentifier>{8a7743df-99d6-42d7-8300-83c77d25c345}</UniqueIdentifier>
    </Filter>
    <Filter Include="Source\src\GameObject">
      <UniqueIdentifier>{486a991c-381d-4836-b7f7-6a9b4c66f5d8}</UniqueIdentifier>
    </Filter>
    <Filter Include="Source\src\GameManager">
      <UniqueIdentifier>{7027cc7e-3941-43d3-9fd3-7009a76c222b}</UniqueIdentifier>
    </Filter>
    <Filter Include="Source\src\GameStates">
      <UniqueIdentifier>{2a875364-1a2b-4ea6-a6fe-716988208916}</UniqueIdentifier>
    </Filter>
    <Filter Include="Source\src\CharacterManager">
      <UniqueIdentifier>{89dec70b-3bae-412b-b359-7ec02a891cd3}</UniqueIdentifier>
    </Filter>
  </ItemGroup>
  <ItemGroup>
    <ClCompile Include="src\Application.cpp">
      <Filter>Source\src</Filter>
    </ClCompile>
    <ClCompile Include="src\GameObject\Sprite2D.cpp">
      <Filter>Source\src\GameObject</Filter>
    </ClCompile>
    <ClCompile Include="src\GameObject\Camera.cpp">
      <Filter>Source\src\GameObject</Filter>
    </ClCompile>
    <ClCompile Include="src\GameObject\Sprite3D.cpp">
      <Filter>Source\src\GameObject</Filter>
    </ClCompile>
    <ClCompile Include="src\GameObject\Models.cpp">
      <Filter>Source\src\GameObject</Filter>
    </ClCompile>
    <ClCompile Include="src\GameObject\Shaders.cpp">
      <Filter>Source\src\GameObject</Filter>
    </ClCompile>
    <ClCompile Include="src\GameObject\Texture.cpp">
      <Filter>Source\src\GameObject</Filter>
    </ClCompile>
    <ClCompile Include="src\GameObject\Text.cpp">
      <Filter>Source\src\GameObject</Filter>
    </ClCompile>
    <ClCompile Include="src\GameObject\Font.cpp">
      <Filter>Source\src\GameObject</Filter>
    </ClCompile>
    <ClCompile Include="src\GameStates\GameStatebase.cpp">
      <Filter>Source\src\GameStates</Filter>
    </ClCompile>
    <ClCompile Include="src\GameStates\GameStateMachine.cpp">
      <Filter>Source\src\GameStates</Filter>
    </ClCompile>
    <ClCompile Include="src\GameStates\GSIntro.cpp">
      <Filter>Source\src\GameStates</Filter>
    </ClCompile>
    <ClCompile Include="src\GameStates\GSMenu.cpp">
      <Filter>Source\src\GameStates</Filter>
    </ClCompile>
    <ClCompile Include="src\GameStates\GSPlay.cpp">
      <Filter>Source\src\GameStates</Filter>
    </ClCompile>
    <ClCompile Include="src\GameManager\ResourceManagers.cpp">
      <Filter>Source\src\GameManager</Filter>
    </ClCompile>
    <ClCompile Include="src\GameObject\GameButton.cpp">
      <Filter>Source\src\GameObject</Filter>
    </ClCompile>
    <ClCompile Include="src\JuraApp.cpp">
      <Filter>Source\src</Filter>
    </ClCompile>
    <ClCompile Include="src\GameStates\GSSetting.cpp">
      <Filter>Source\src\GameStates</Filter>
    </ClCompile>
    <ClCompile Include="src\GameObject\Animation2D.cpp">
      <Filter>Source\src\GameObject</Filter>
    </ClCompile>
    <ClCompile Include="src\CharacterManager\State.cpp">
      <Filter>Source\src\CharacterManager</Filter>
    </ClCompile>
    <ClCompile Include="src\GameStates\GSHelp.cpp">
      <Filter>Source\src\GameStates</Filter>
    </ClCompile>
    <ClCompile Include="src\CharacterManager\Character.cpp">
      <Filter>Source\src\CharacterManager</Filter>
    </ClCompile>
    <ClCompile Include="src\CharacterManager\Sliding.cpp">
      <Filter>Source\src\CharacterManager</Filter>
    </ClCompile>
    <ClCompile Include="src\CharacterManager\Dead.cpp">
      <Filter>Source\src\CharacterManager</Filter>
    </ClCompile>
    <ClCompile Include="src\CharacterManager\Running.cpp">
      <Filter>Source\src\CharacterManager</Filter>
    </ClCompile>
    <ClCompile Include="src\CharacterManager\Idle.cpp">
      <Filter>Source\src\CharacterManager</Filter>
    </ClCompile>
    <ClCompile Include="src\CharacterManager\Jumping.cpp">
      <Filter>Source\src\CharacterManager</Filter>
    </ClCompile>
  </ItemGroup>
  <ItemGroup>
    <ClInclude Include="src\Application.h">
      <Filter>Source\src</Filter>
    </ClInclude>
    <ClInclude Include="src\GameConfig.h">
      <Filter>Source\src</Filter>
    </ClInclude>
    <ClInclude Include="src\GameManager\Singleton.h">
      <Filter>Source\src\GameManager</Filter>
    </ClInclude>
    <ClInclude Include="src\GameObject\BaseObject.h">
      <Filter>Source\src\GameObject</Filter>
    </ClInclude>
    <ClInclude Include="src\GameObject\Sprite2D.h">
      <Filter>Source\src\GameObject</Filter>
    </ClInclude>
    <ClInclude Include="src\GameObject\Camera.h">
      <Filter>Source\src\GameObject</Filter>
    </ClInclude>
    <ClInclude Include="src\GameObject\Sprite3D.h">
      <Filter>Source\src\GameObject</Filter>
    </ClInclude>
    <ClInclude Include="src\GameObject\Models.h">
      <Filter>Source\src\GameObject</Filter>
    </ClInclude>
    <ClInclude Include="src\GameObject\Shaders.h">
      <Filter>Source\src\GameObject</Filter>
    </ClInclude>
    <ClInclude Include="src\GameObject\Texture.h">
      <Filter>Source\src\GameObject</Filter>
    </ClInclude>
    <ClInclude Include="src\GameObject\Text.h">
      <Filter>Source\src\GameObject</Filter>
    </ClInclude>
    <ClInclude Include="src\GameObject\Font.h">
      <Filter>Source\src\GameObject</Filter>
    </ClInclude>
    <ClInclude Include="src\GameStates\GameStatebase.h">
      <Filter>Source\src\GameStates</Filter>
    </ClInclude>
    <ClInclude Include="src\GameStates\GameStateMachine.h">
      <Filter>Source\src\GameStates</Filter>
    </ClInclude>
    <ClInclude Include="src\GameStates\GSIntro.h">
      <Filter>Source\src\GameStates</Filter>
    </ClInclude>
    <ClInclude Include="src\GameStates\GSMenu.h">
      <Filter>Source\src\GameStates</Filter>
    </ClInclude>
    <ClInclude Include="src\GameStates\GSPlay.h">
      <Filter>Source\src\GameStates</Filter>
    </ClInclude>
    <ClInclude Include="src\GameManager\ResourceManagers.h">
      <Filter>Source\src\GameManager</Filter>
    </ClInclude>
    <ClInclude Include="src\GameObject\GameButton.h">
      <Filter>Source\src\GameObject</Filter>
    </ClInclude>
    <ClInclude Include="src\GameStates\GSSetting.h">
      <Filter>Source\src\GameStates</Filter>
    </ClInclude>
    <ClInclude Include="src\GameObject\Animation2D.h">
      <Filter>Source\src\GameObject</Filter>
    </ClInclude>
    <ClInclude Include="src\CharacterManager\State.h">
      <Filter>Source\src\CharacterManager</Filter>
    </ClInclude>
    <ClInclude Include="src\GameStates\GSHelp.h">
      <Filter>Source\src\GameStates</Filter>
    </ClInclude>
    <ClInclude Include="src\CharacterManager\Character.h">
      <Filter>Source\src\CharacterManager</Filter>
    </ClInclude>
    <ClInclude Include="src\CharacterManager\Sliding.h">
      <Filter>Source\src\CharacterManager</Filter>
    </ClInclude>
    <ClInclude Include="src\CharacterManager\Dead.h">
      <Filter>Source\src\CharacterManager</Filter>
    </ClInclude>
    <ClInclude Include="src\CharacterManager\Running.h">
      <Filter>Source\src\CharacterManager</Filter>
    </ClInclude>
    <ClInclude Include="src\CharacterManager\Idle.h">
      <Filter>Source\src\CharacterManager</Filter>
    </ClInclude>
    <ClInclude Include="src\CharacterManager\Jumping.h">
      <Filter>Source\src\CharacterManager</Filter>
    </ClInclude>
  </ItemGroup>
  <ItemGroup>
    <None Include="ClassDiagram.cd" />
  </ItemGroup>
</Project>